
Microsoft Visual Studio Solution File, Format Version 12.00
# Visual Studio Version 17
VisualStudioVersion = 17.14.36429.23 d17.14
MinimumVisualStudioVersion = 10.0.40219.1
Project("{FAE04EC0-301F-11D3-BF4B-00C04F79EFBC}") = "ChatBotTest", "ChatBotTest\ChatBotTest.csproj", "{ED33F45D-80A8-FEB2-CB81-EAD7F7AD589B}"
EndProject
Global
	GlobalSection(SolutionConfigurationPlatforms) = preSolution
		Debug|Any CPU = Debug|Any CPU
		Release|Any CPU = Release|Any CPU
	EndGlobalSection
	GlobalSection(ProjectConfigurationPlatforms) = postSolution
		{ED33F45D-80A8-FEB2-CB81-EAD7F7AD589B}.Debug|Any CPU.ActiveCfg = Debug|Any CPU
		{ED33F45D-80A8-FEB2-CB81-EAD7F7AD589B}.Debug|Any CPU.Build.0 = Debug|Any CPU
		{ED33F45D-80A8-FEB2-CB81-EAD7F7AD589B}.Release|Any CPU.ActiveCfg = Release|Any CPU
		{ED33F45D-80A8-FEB2-CB81-EAD7F7AD589B}.Release|Any CPU.Build.0 = Release|Any CPU
	EndGlobalSection
	GlobalSection(SolutionProperties) = preSolution
		HideSolutionNode = FALSE
	EndGlobalSection
	GlobalSection(ExtensibilityGlobals) = postSolution
		SolutionGuid = {2D6994B9-FBF2-41E4-9E6F-5740DEF18B50}
	EndGlobalSection
EndGlobal
